// !$*UTF8*$!
{
	archiveVersion = 1;
	classes = {
	};
	objectVersion = 77;
	objects = {

/* Begin PBXBuildFile section */
		2023052E7459CE57654F8265 /* Pods_EFootPrintTests.framework in Frameworks */ = {isa = PBXBuildFile; fileRef = F2BB0B0C67013BBE73268A92 /* Pods_EFootPrintTests.framework */; };
		85E24C3275248C0B0A661F17 /* Pods_EFootPrint.framework in Frameworks */ = {isa = PBXBuildFile; fileRef = BFB4EFD0CD61280C716272A8 /* Pods_EFootPrint.framework */; };
		A84B4F9AE50BF7586EA7B6DC /* Pods_EFootPrint_EFootPrintUITests.framework in Frameworks */ = {isa = PBXBuildFile; fileRef = E4FE27480D4A83DEEF211D6E /* Pods_EFootPrint_EFootPrintUITests.framework */; };
/* End PBXBuildFile section */

/* Begin PBXContainerItemProxy section */
		82DF6BB82CE4DCAA00EE6DBA /* PBXContainerItemProxy */ = {
			isa = PBXContainerItemProxy;
			containerPortal = 82DF6B992CE4DCA900EE6DBA /* Project object */;
			proxyType = 1;
			remoteGlobalIDString = 82DF6BA02CE4DCA900EE6DBA;
			remoteInfo = EFootPrint;
		};
		82DF6BC22CE4DCAA00EE6DBA /* PBXContainerItemProxy */ = {
			isa = PBXContainerItemProxy;
			containerPortal = 82DF6B992CE4DCA900EE6DBA /* Project object */;
			proxyType = 1;
			remoteGlobalIDString = 82DF6BA02CE4DCA900EE6DBA;
			remoteInfo = EFootPrint;
		};
/* End PBXContainerItemProxy section */

/* Begin PBXFileReference section */
		103F4ED1C14CC0216A8FC499 /* Pods-EFootPrint.debug.xcconfig */ = {isa = PBXFileReference; includeInIndex = 1; lastKnownFileType = text.xcconfig; name = "Pods-EFootPrint.debug.xcconfig"; path = "Target Support Files/Pods-EFootPrint/Pods-EFootPrint.debug.xcconfig"; sourceTree = "<group>"; };
		1498268074CB59EEC7E49E9F /* Pods-EFootPrint-EFootPrintUITests.debug.xcconfig */ = {isa = PBXFileReference; includeInIndex = 1; lastKnownFileType = text.xcconfig; name = "Pods-EFootPrint-EFootPrintUITests.debug.xcconfig"; path = "Target Support Files/Pods-EFootPrint-EFootPrintUITests/Pods-EFootPrint-EFootPrintUITests.debug.xcconfig"; sourceTree = "<group>"; };
		25F2E369ED07E66F497056E8 /* Pods-EFootPrint-EFootPrintUITests.release.xcconfig */ = {isa = PBXFileReference; includeInIndex = 1; lastKnownFileType = text.xcconfig; name = "Pods-EFootPrint-EFootPrintUITests.release.xcconfig"; path = "Target Support Files/Pods-EFootPrint-EFootPrintUITests/Pods-EFootPrint-EFootPrintUITests.release.xcconfig"; sourceTree = "<group>"; };
		4713E83EDACF81126B43AC5C /* Pods-EFootPrint.release.xcconfig */ = {isa = PBXFileReference; includeInIndex = 1; lastKnownFileType = text.xcconfig; name = "Pods-EFootPrint.release.xcconfig"; path = "Target Support Files/Pods-EFootPrint/Pods-EFootPrint.release.xcconfig"; sourceTree = "<group>"; };
		614750A5E482A93177EA1BAA /* Pods-EFootPrintTests.debug.xcconfig */ = {isa = PBXFileReference; includeInIndex = 1; lastKnownFileType = text.xcconfig; name = "Pods-EFootPrintTests.debug.xcconfig"; path = "Target Support Files/Pods-EFootPrintTests/Pods-EFootPrintTests.debug.xcconfig"; sourceTree = "<group>"; };
		82DF6BA12CE4DCA900EE6DBA /* EFootPrint.app */ = {isa = PBXFileReference; explicitFileType = wrapper.application; includeInIndex = 0; path = EFootPrint.app; sourceTree = BUILT_PRODUCTS_DIR; };
		82DF6BB72CE4DCAA00EE6DBA /* EFootPrintTests.xctest */ = {isa = PBXFileReference; explicitFileType = wrapper.cfbundle; includeInIndex = 0; path = EFootPrintTests.xctest; sourceTree = BUILT_PRODUCTS_DIR; };
		82DF6BC12CE4DCAA00EE6DBA /* EFootPrintUITests.xctest */ = {isa = PBXFileReference; explicitFileType = wrapper.cfbundle; includeInIndex = 0; path = EFootPrintUITests.xctest; sourceTree = BUILT_PRODUCTS_DIR; };
		87EE6D8F960C3543049EE800 /* Pods-EFootPrintTests.release.xcconfig */ = {isa = PBXFileReference; includeInIndex = 1; lastKnownFileType = text.xcconfig; name = "Pods-EFootPrintTests.release.xcconfig"; path = "Target Support Files/Pods-EFootPrintTests/Pods-EFootPrintTests.release.xcconfig"; sourceTree = "<group>"; };
		BFB4EFD0CD61280C716272A8 /* Pods_EFootPrint.framework */ = {isa = PBXFileReference; explicitFileType = wrapper.framework; includeInIndex = 0; path = Pods_EFootPrint.framework; sourceTree = BUILT_PRODUCTS_DIR; };
		E4FE27480D4A83DEEF211D6E /* Pods_EFootPrint_EFootPrintUITests.framework */ = {isa = PBXFileReference; explicitFileType = wrapper.framework; includeInIndex = 0; path = Pods_EFootPrint_EFootPrintUITests.framework; sourceTree = BUILT_PRODUCTS_DIR; };
		F2BB0B0C67013BBE73268A92 /* Pods_EFootPrintTests.framework */ = {isa = PBXFileReference; explicitFileType = wrapper.framework; includeInIndex = 0; path = Pods_EFootPrintTests.framework; sourceTree = BUILT_PRODUCTS_DIR; };
/* End PBXFileReference section */

/* Begin PBXFileSystemSynchronizedBuildFileExceptionSet section */
		82DF6BC92CE4DCAA00EE6DBA /* Exceptions for "EFootPrint" folder in "EFootPrint" target */ = {
			isa = PBXFileSystemSynchronizedBuildFileExceptionSet;
			membershipExceptions = (
				Info.plist,
			);
			target = 82DF6BA02CE4DCA900EE6DBA /* EFootPrint */;
		};
/* End PBXFileSystemSynchronizedBuildFileExceptionSet section */

/* Begin PBXFileSystemSynchronizedRootGroup section */
		82DF6BA32CE4DCA900EE6DBA /* EFootPrint */ = {
			isa = PBXFileSystemSynchronizedRootGroup;
			exceptions = (
				82DF6BC92CE4DCAA00EE6DBA /* Exceptions for "EFootPrint" folder in "EFootPrint" target */,
			);
			path = EFootPrint;
			sourceTree = "<group>";
		};
		82DF6BBA2CE4DCAA00EE6DBA /* EFootPrintTests */ = {
			isa = PBXFileSystemSynchronizedRootGroup;
			path = EFootPrintTests;
			sourceTree = "<group>";
		};
		82DF6BC42CE4DCAA00EE6DBA /* EFootPrintUITests */ = {
			isa = PBXFileSystemSynchronizedRootGroup;
			path = EFootPrintUITests;
			sourceTree = "<group>";
		};
/* End PBXFileSystemSynchronizedRootGroup section */

/* Begin PBXFrameworksBuildPhase section */
		82DF6B9E2CE4DCA900EE6DBA /* Frameworks */ = {
			isa = PBXFrameworksBuildPhase;
			buildActionMask = 2147483647;
			files = (
				85E24C3275248C0B0A661F17 /* Pods_EFootPrint.framework in Frameworks */,
			);
			runOnlyForDeploymentPostprocessing = 0;
		};
		82DF6BB42CE4DCAA00EE6DBA /* Frameworks */ = {
			isa = PBXFrameworksBuildPhase;
			buildActionMask = 2147483647;
			files = (
				2023052E7459CE57654F8265 /* Pods_EFootPrintTests.framework in Frameworks */,
			);
			runOnlyForDeploymentPostprocessing = 0;
		};
		82DF6BBE2CE4DCAA00EE6DBA /* Frameworks */ = {
			isa = PBXFrameworksBuildPhase;
			buildActionMask = 2147483647;
			files = (
				A84B4F9AE50BF7586EA7B6DC /* Pods_EFootPrint_EFootPrintUITests.framework in Frameworks */,
			);
			runOnlyForDeploymentPostprocessing = 0;
		};
/* End PBXFrameworksBuildPhase section */

/* Begin PBXGroup section */
		82DF6B982CE4DCA900EE6DBA = {
			isa = PBXGroup;
			children = (
				82DF6BA32CE4DCA900EE6DBA /* EFootPrint */,
				82DF6BBA2CE4DCAA00EE6DBA /* EFootPrintTests */,
				82DF6BC42CE4DCAA00EE6DBA /* EFootPrintUITests */,
				82DF6BA22CE4DCA900EE6DBA /* Products */,
				C03E0DE9B2FD0CA0F03E49C4 /* Pods */,
				EE061DD39417149F88BD2C95 /* Frameworks */,
			);
			sourceTree = "<group>";
		};
		82DF6BA22CE4DCA900EE6DBA /* Products */ = {
			isa = PBXGroup;
			children = (
				82DF6BA12CE4DCA900EE6DBA /* EFootPrint.app */,
				82DF6BB72CE4DCAA00EE6DBA /* EFootPrintTests.xctest */,
				82DF6BC12CE4DCAA00EE6DBA /* EFootPrintUITests.xctest */,
			);
			name = Products;
			sourceTree = "<group>";
		};
		C03E0DE9B2FD0CA0F03E49C4 /* Pods */ = {
			isa = PBXGroup;
			children = (
				103F4ED1C14CC0216A8FC499 /* Pods-EFootPrint.debug.xcconfig */,
				4713E83EDACF81126B43AC5C /* Pods-EFootPrint.release.xcconfig */,
				1498268074CB59EEC7E49E9F /* Pods-EFootPrint-EFootPrintUITests.debug.xcconfig */,
				25F2E369ED07E66F497056E8 /* Pods-EFootPrint-EFootPrintUITests.release.xcconfig */,
				614750A5E482A93177EA1BAA /* Pods-EFootPrintTests.debug.xcconfig */,
				87EE6D8F960C3543049EE800 /* Pods-EFootPrintTests.release.xcconfig */,
			);
			path = Pods;
			sourceTree = "<group>";
		};
		EE061DD39417149F88BD2C95 /* Frameworks */ = {
			isa = PBXGroup;
			children = (
				BFB4EFD0CD61280C716272A8 /* Pods_EFootPrint.framework */,
				E4FE27480D4A83DEEF211D6E /* Pods_EFootPrint_EFootPrintUITests.framework */,
				F2BB0B0C67013BBE73268A92 /* Pods_EFootPrintTests.framework */,
			);
			name = Frameworks;
			sourceTree = "<group>";
		};
/* End PBXGroup section */

/* Begin PBXNativeTarget section */
		82DF6BA02CE4DCA900EE6DBA /* EFootPrint */ = {
			isa = PBXNativeTarget;
			buildConfigurationList = 82DF6BCA2CE4DCAA00EE6DBA /* Build configuration list for PBXNativeTarget "EFootPrint" */;
			buildPhases = (
				BE14CCFBBEE42C55EF752B76 /* [CP] Check Pods Manifest.lock */,
				82DF6B9D2CE4DCA900EE6DBA /* Sources */,
				82DF6B9E2CE4DCA900EE6DBA /* Frameworks */,
				82DF6B9F2CE4DCA900EE6DBA /* Resources */,
				5FC40C41B5D0A0B99ACC8A51 /* [CP] Embed Pods Frameworks */,
			);
			buildRules = (
			);
			dependencies = (
			);
			fileSystemSynchronizedGroups = (
				82DF6BA32CE4DCA900EE6DBA /* EFootPrint */,
			);
			name = EFootPrint;
			productName = EFootPrint;
			productReference = 82DF6BA12CE4DCA900EE6DBA /* EFootPrint.app */;
			productType = "com.apple.product-type.application";
		};
		82DF6BB62CE4DCAA00EE6DBA /* EFootPrintTests */ = {
			isa = PBXNativeTarget;
			buildConfigurationList = 82DF6BCF2CE4DCAA00EE6DBA /* Build configuration list for PBXNativeTarget "EFootPrintTests" */;
			buildPhases = (
				FB809815CEEA7CA4808487D4 /* [CP] Check Pods Manifest.lock */,
				82DF6BB32CE4DCAA00EE6DBA /* Sources */,
				82DF6BB42CE4DCAA00EE6DBA /* Frameworks */,
				82DF6BB52CE4DCAA00EE6DBA /* Resources */,
			);
			buildRules = (
			);
			dependencies = (
				82DF6BB92CE4DCAA00EE6DBA /* PBXTargetDependency */,
			);
			fileSystemSynchronizedGroups = (
				82DF6BBA2CE4DCAA00EE6DBA /* EFootPrintTests */,
			);
			name = EFootPrintTests;
			productName = EFootPrintTests;
			productReference = 82DF6BB72CE4DCAA00EE6DBA /* EFootPrintTests.xctest */;
			productType = "com.apple.product-type.bundle.unit-test";
		};
		82DF6BC02CE4DCAA00EE6DBA /* EFootPrintUITests */ = {
			isa = PBXNativeTarget;
			buildConfigurationList = 82DF6BD22CE4DCAA00EE6DBA /* Build configuration list for PBXNativeTarget "EFootPrintUITests" */;
			buildPhases = (
				14FCEB6F0BD6BE418C5A1F3A /* [CP] Check Pods Manifest.lock */,
				82DF6BBD2CE4DCAA00EE6DBA /* Sources */,
				82DF6BBE2CE4DCAA00EE6DBA /* Frameworks */,
				82DF6BBF2CE4DCAA00EE6DBA /* Resources */,
				652D28034CDD8DB7A3341D49 /* [CP] Embed Pods Frameworks */,
			);
			buildRules = (
			);
			dependencies = (
				82DF6BC32CE4DCAA00EE6DBA /* PBXTargetDependency */,
			);
			fileSystemSynchronizedGroups = (
				82DF6BC42CE4DCAA00EE6DBA /* EFootPrintUITests */,
			);
			name = EFootPrintUITests;
			productName = EFootPrintUITests;
			productReference = 82DF6BC12CE4DCAA00EE6DBA /* EFootPrintUITests.xctest */;
			productType = "com.apple.product-type.bundle.ui-testing";
		};
/* End PBXNativeTarget section */

/* Begin PBXProject section */
		82DF6B992CE4DCA900EE6DBA /* Project object */ = {
			isa = PBXProject;
			attributes = {
				BuildIndependentTargetsInParallel = 1;
				LastSwiftUpdateCheck = 1610;
				LastUpgradeCheck = 1610;
				TargetAttributes = {
					82DF6BA02CE4DCA900EE6DBA = {
						CreatedOnToolsVersion = 16.1;
					};
					82DF6BB62CE4DCAA00EE6DBA = {
						CreatedOnToolsVersion = 16.1;
						TestTargetID = 82DF6BA02CE4DCA900EE6DBA;
					};
					82DF6BC02CE4DCAA00EE6DBA = {
						CreatedOnToolsVersion = 16.1;
						TestTargetID = 82DF6BA02CE4DCA900EE6DBA;
					};
				};
			};
			buildConfigurationList = 82DF6B9C2CE4DCA900EE6DBA /* Build configuration list for PBXProject "EFootPrint" */;
			developmentRegion = en;
			hasScannedForEncodings = 0;
			knownRegions = (
				en,
				Base,
			);
			mainGroup = 82DF6B982CE4DCA900EE6DBA;
			minimizedProjectReferenceProxies = 1;
			preferredProjectObjectVersion = 77;
			productRefGroup = 82DF6BA22CE4DCA900EE6DBA /* Products */;
			projectDirPath = "";
			projectRoot = "";
			targets = (
				82DF6BA02CE4DCA900EE6DBA /* EFootPrint */,
				82DF6BB62CE4DCAA00EE6DBA /* EFootPrintTests */,
				82DF6BC02CE4DCAA00EE6DBA /* EFootPrintUITests */,
			);
		};
/* End PBXProject section */

/* Begin PBXResourcesBuildPhase section */
		82DF6B9F2CE4DCA900EE6DBA /* Resources */ = {
			isa = PBXResourcesBuildPhase;
			buildActionMask = 2147483647;
			files = (
			);
			runOnlyForDeploymentPostprocessing = 0;
		};
		82DF6BB52CE4DCAA00EE6DBA /* Resources */ = {
			isa = PBXResourcesBuildPhase;
			buildActionMask = 2147483647;
			files = (
			);
			runOnlyForDeploymentPostprocessing = 0;
		};
		82DF6BBF2CE4DCAA00EE6DBA /* Resources */ = {
			isa = PBXResourcesBuildPhase;
			buildActionMask = 2147483647;
			files = (
			);
			runOnlyForDeploymentPostprocessing = 0;
		};
/* End PBXResourcesBuildPhase section */

/* Begin PBXShellScriptBuildPhase section */
		14FCEB6F0BD6BE418C5A1F3A /* [CP] Check Pods Manifest.lock */ = {
			isa = PBXShellScriptBuildPhase;
			buildActionMask = 2147483647;
			files = (
			);
			inputFileListPaths = (
			);
			inputPaths = (
				"${PODS_PODFILE_DIR_PATH}/Podfile.lock",
				"${PODS_ROOT}/Manifest.lock",
			);
			name = "[CP] Check Pods Manifest.lock";
			outputFileListPaths = (
			);
			outputPaths = (
				"$(DERIVED_FILE_DIR)/Pods-EFootPrint-EFootPrintUITests-checkManifestLockResult.txt",
			);
			runOnlyForDeploymentPostprocessing = 0;
			shellPath = /bin/sh;
			shellScript = "diff \"${PODS_PODFILE_DIR_PATH}/Podfile.lock\" \"${PODS_ROOT}/Manifest.lock\" > /dev/null\nif [ $? != 0 ] ; then\n    # print error to STDERR\n    echo \"error: The sandbox is not in sync with the Podfile.lock. Run 'pod install' or update your CocoaPods installation.\" >&2\n    exit 1\nfi\n# This output is used by Xcode 'outputs' to avoid re-running this script phase.\necho \"SUCCESS\" > \"${SCRIPT_OUTPUT_FILE_0}\"\n";
			showEnvVarsInLog = 0;
		};
		5FC40C41B5D0A0B99ACC8A51 /* [CP] Embed Pods Frameworks */ = {
			isa = PBXShellScriptBuildPhase;
			buildActionMask = 2147483647;
			files = (
			);
			inputFileListPaths = (
				"${PODS_ROOT}/Target Support Files/Pods-EFootPrint/Pods-EFootPrint-frameworks-${CONFIGURATION}-input-files.xcfilelist",
			);
			name = "[CP] Embed Pods Frameworks";
			outputFileListPaths = (
				"${PODS_ROOT}/Target Support Files/Pods-EFootPrint/Pods-EFootPrint-frameworks-${CONFIGURATION}-output-files.xcfilelist",
			);
			runOnlyForDeploymentPostprocessing = 0;
			shellPath = /bin/sh;
			shellScript = "\"${PODS_ROOT}/Target Support Files/Pods-EFootPrint/Pods-EFootPrint-frameworks.sh\"\n";
			showEnvVarsInLog = 0;
		};
		652D28034CDD8DB7A3341D49 /* [CP] Embed Pods Frameworks */ = {
			isa = PBXShellScriptBuildPhase;
			buildActionMask = 2147483647;
			files = (
			);
			inputFileListPaths = (
				"${PODS_ROOT}/Target Support Files/Pods-EFootPrint-EFootPrintUITests/Pods-EFootPrint-EFootPrintUITests-frameworks-${CONFIGURATION}-input-files.xcfilelist",
			);
			name = "[CP] Embed Pods Frameworks";
			outputFileListPaths = (
				"${PODS_ROOT}/Target Support Files/Pods-EFootPrint-EFootPrintUITests/Pods-EFootPrint-EFootPrintUITests-frameworks-${CONFIGURATION}-output-files.xcfilelist",
			);
			runOnlyForDeploymentPostprocessing = 0;
			shellPath = /bin/sh;
			shellScript = "\"${PODS_ROOT}/Target Support Files/Pods-EFootPrint-EFootPrintUITests/Pods-EFootPrint-EFootPrintUITests-frameworks.sh\"\n";
			showEnvVarsInLog = 0;
		};
		BE14CCFBBEE42C55EF752B76 /* [CP] Check Pods Manifest.lock */ = {
			isa = PBXShellScriptBuildPhase;
			buildActionMask = 2147483647;
			files = (
			);
			inputFileListPaths = (
			);
			inputPaths = (
				"${PODS_PODFILE_DIR_PATH}/Podfile.lock",
				"${PODS_ROOT}/Manifest.lock",
			);
			name = "[CP] Check Pods Manifest.lock";
			outputFileListPaths = (
			);
			outputPaths = (
				"$(DERIVED_FILE_DIR)/Pods-EFootPrint-checkManifestLockResult.txt",
			);
			runOnlyForDeploymentPostprocessing = 0;
			shellPath = /bin/sh;
			shellScript = "diff \"${PODS_PODFILE_DIR_PATH}/Podfile.lock\" \"${PODS_ROOT}/Manifest.lock\" > /dev/null\nif [ $? != 0 ] ; then\n    # print error to STDERR\n    echo \"error: The sandbox is not in sync with the Podfile.lock. Run 'pod install' or update your CocoaPods installation.\" >&2\n    exit 1\nfi\n# This output is used by Xcode 'outputs' to avoid re-running this script phase.\necho \"SUCCESS\" > \"${SCRIPT_OUTPUT_FILE_0}\"\n";
			showEnvVarsInLog = 0;
		};
		FB809815CEEA7CA4808487D4 /* [CP] Check Pods Manifest.lock */ = {
			isa = PBXShellScriptBuildPhase;
			buildActionMask = 2147483647;
			files = (
			);
			inputFileListPaths = (
			);
			inputPaths = (
				"${PODS_PODFILE_DIR_PATH}/Podfile.lock",
				"${PODS_ROOT}/Manifest.lock",
			);
			name = "[CP] Check Pods Manifest.lock";
			outputFileListPaths = (
			);
			outputPaths = (
				"$(DERIVED_FILE_DIR)/Pods-EFootPrintTests-checkManifestLockResult.txt",
			);
			runOnlyForDeploymentPostprocessing = 0;
			shellPath = /bin/sh;
			shellScript = "diff \"${PODS_PODFILE_DIR_PATH}/Podfile.lock\" \"${PODS_ROOT}/Manifest.lock\" > /dev/null\nif [ $? != 0 ] ; then\n    # print error to STDERR\n    echo \"error: The sandbox is not in sync with the Podfile.lock. Run 'pod install' or update your CocoaPods installation.\" >&2\n    exit 1\nfi\n# This output is used by Xcode 'outputs' to avoid re-running this script phase.\necho \"SUCCESS\" > \"${SCRIPT_OUTPUT_FILE_0}\"\n";
			showEnvVarsInLog = 0;
		};
/* End PBXShellScriptBuildPhase section */

/* Begin PBXSourcesBuildPhase section */
		82DF6B9D2CE4DCA900EE6DBA /* Sources */ = {
			isa = PBXSourcesBuildPhase;
			buildActionMask = 2147483647;
			files = (
			);
			runOnlyForDeploymentPostprocessing = 0;
		};
		82DF6BB32CE4DCAA00EE6DBA /* Sources */ = {
			isa = PBXSourcesBuildPhase;
			buildActionMask = 2147483647;
			files = (
			);
			runOnlyForDeploymentPostprocessing = 0;
		};
		82DF6BBD2CE4DCAA00EE6DBA /* Sources */ = {
			isa = PBXSourcesBuildPhase;
			buildActionMask = 2147483647;
			files = (
			);
			runOnlyForDeploymentPostprocessing = 0;
		};
/* End PBXSourcesBuildPhase section */

/* Begin PBXTargetDependency section */
		82DF6BB92CE4DCAA00EE6DBA /* PBXTargetDependency */ = {
			isa = PBXTargetDependency;
			target = 82DF6BA02CE4DCA900EE6DBA /* EFootPrint */;
			targetProxy = 82DF6BB82CE4DCAA00EE6DBA /* PBXContainerItemProxy */;
		};
		82DF6BC32CE4DCAA00EE6DBA /* PBXTargetDependency */ = {
			isa = PBXTargetDependency;
			target = 82DF6BA02CE4DCA900EE6DBA /* EFootPrint */;
			targetProxy = 82DF6BC22CE4DCAA00EE6DBA /* PBXContainerItemProxy */;
		};
/* End PBXTargetDependency section */

/* Begin XCBuildConfiguration section */
		82DF6BCB2CE4DCAA00EE6DBA /* Debug */ = {
			isa = XCBuildConfiguration;
			baseConfigurationReference = 103F4ED1C14CC0216A8FC499 /* Pods-EFootPrint.debug.xcconfig */;
			buildSettings = {
				ASSETCATALOG_COMPILER_APPICON_NAME = AppIcon;
				ASSETCATALOG_COMPILER_GLOBAL_ACCENT_COLOR_NAME = AccentColor;
				CODE_SIGN_ENTITLEMENTS = EFootPrint/EFootPrint.entitlements;
				CODE_SIGN_STYLE = Automatic;
				CURRENT_PROJECT_VERSION = 1;
				DEVELOPMENT_TEAM = XTP6PU5W6U;
				ENABLE_USER_SCRIPT_SANDBOXING = NO;
				GENERATE_INFOPLIST_FILE = YES;
				INFOPLIST_FILE = EFootPrint/Info.plist;
				INFOPLIST_KEY_NSHealthClinicalHealthRecordsShareUsageDescription = 6.0;
				INFOPLIST_KEY_NSHealthShareUsageDescription = "Do you want to share your health records with this app?";
				INFOPLIST_KEY_NSHealthUpdateUsageDescription = "Do you wnat to give permissions";
				INFOPLIST_KEY_UIApplicationSupportsIndirectInputEvents = YES;
				INFOPLIST_KEY_UILaunchStoryboardName = LaunchScreen;
				INFOPLIST_KEY_UIMainStoryboardFile = Main;
				INFOPLIST_KEY_UISupportedInterfaceOrientations_iPad = "UIInterfaceOrientationPortrait UIInterfaceOrientationPortraitUpsideDown UIInterfaceOrientationLandscapeLeft UIInterfaceOrientationLandscapeRight";
				INFOPLIST_KEY_UISupportedInterfaceOrientations_iPhone = "UIInterfaceOrientationPortrait UIInterfaceOrientationLandscapeLeft UIInterfaceOrientationLandscapeRight";
				LD_RUNPATH_SEARCH_PATHS = (
					"$(inherited)",
					"@executable_path/Frameworks",
				);
				MARKETING_VERSION = 1.0;
				PRODUCT_BUNDLE_IDENTIFIER = com.mccole.EFootPrint;
				PRODUCT_NAME = "$(TARGET_NAME)";
				SWIFT_EMIT_LOC_STRINGS = YES;
				SWIFT_VERSION = 5.0;
				TARGETED_DEVICE_FAMILY = "1,2";
			};
			name = Debug;
		};
		82DF6BCC2CE4DCAA00EE6DBA /* Release */ = {
			isa = XCBuildConfiguration;
			baseConfigurationReference = 4713E83EDACF81126B43AC5C /* Pods-EFootPrint.release.xcconfig */;
			buildSettings = {
				ASSETCATALOG_COMPILER_APPICON_NAME = AppIcon;
				ASSETCATALOG_COMPILER_GLOBAL_ACCENT_COLOR_NAME = AccentColor;
				CODE_SIGN_ENTITLEMENTS = EFootPrint/EFootPrintRelease.entitlements;
				CODE_SIGN_STYLE = Automatic;
				CURRENT_PROJECT_VERSION = 1;
				DEVELOPMENT_TEAM = XTP6PU5W6U;
				ENABLE_USER_SCRIPT_SANDBOXING = NO;
				GENERATE_INFOPLIST_FILE = YES;
				INFOPLIST_FILE = EFootPrint/Info.plist;
				INFOPLIST_KEY_NSHealthClinicalHealthRecordsShareUsageDescription = 6.0;
				INFOPLIST_KEY_NSHealthShareUsageDescription = "Do you want to share your health records with this app?";
				INFOPLIST_KEY_NSHealthUpdateUsageDescription = "Do you wnat to give permissions";
				INFOPLIST_KEY_UIApplicationSupportsIndirectInputEvents = YES;
				INFOPLIST_KEY_UILaunchStoryboardName = LaunchScreen;
				INFOPLIST_KEY_UIMainStoryboardFile = Main;
				INFOPLIST_KEY_UISupportedInterfaceOrientations_iPad = "UIInterfaceOrientationPortrait UIInterfaceOrientationPortraitUpsideDown UIInterfaceOrientationLandscapeLeft UIInterfaceOrientationLandscapeRight";
				INFOPLIST_KEY_UISupportedInterfaceOrientations_iPhone = "UIInterfaceOrientationPortrait UIInterfaceOrientationLandscapeLeft UIInterfaceOrientationLandscapeRight";
				LD_RUNPATH_SEARCH_PATHS = (
					"$(inherited)",
					"@executable_path/Frameworks",
				);
				MARKETING_VERSION = 1.0;
				PRODUCT_BUNDLE_IDENTIFIER = com.mccole.EFootPrint;
				PRODUCT_NAME = "$(TARGET_NAME)";
				SWIFT_EMIT_LOC_STRINGS = YES;
				SWIFT_VERSION = 5.0;
				TARGETED_DEVICE_FAMILY = "1,2";
			};
			name = Release;
		};
		82DF6BCD2CE4DCAA00EE6DBA /* Debug */ = {
			isa = XCBuildConfiguration;
			buildSettings = {
				ALWAYS_SEARCH_USER_PATHS = NO;
				ASSETCATALOG_COMPILER_GENERATE_SWIFT_ASSET_SYMBOL_EXTENSIONS = YES;
				CLANG_ANALYZER_NONNULL = YES;
				CLANG_ANALYZER_NUMBER_OBJECT_CONVERSION = YES_AGGRESSIVE;
				CLANG_CXX_LANGUAGE_STANDARD = "gnu++20";
				CLANG_ENABLE_MODULES = YES;
				CLANG_ENABLE_OBJC_ARC = YES;
				CLANG_ENABLE_OBJC_WEAK = YES;
				CLANG_WARN_BLOCK_CAPTURE_AUTORELEASING = YES;
				CLANG_WARN_BOOL_CONVERSION = YES;
				CLANG_WARN_COMMA = YES;
				CLANG_WARN_CONSTANT_CONVERSION = YES;
				CLANG_WARN_DEPRECATED_OBJC_IMPLEMENTATIONS = YES;
				CLANG_WARN_DIRECT_OBJC_ISA_USAGE = YES_ERROR;
				CLANG_WARN_DOCUMENTATION_COMMENTS = YES;
				CLANG_WARN_EMPTY_BODY = YES;
				CLANG_WARN_ENUM_CONVERSION = YES;
				CLANG_WARN_INFINITE_RECURSION = YES;
				CLANG_WARN_INT_CONVERSION = YES;
				CLANG_WARN_NON_LITERAL_NULL_CONVERSION = YES;
				CLANG_WARN_OBJC_IMPLICIT_RETAIN_SELF = YES;
				CLANG_WARN_OBJC_LITERAL_CONVERSION = YES;
				CLANG_WARN_OBJC_ROOT_CLASS = YES_ERROR;
				CLANG_WARN_QUOTED_INCLUDE_IN_FRAMEWORK_HEADER = YES;
				CLANG_WARN_RANGE_LOOP_ANALYSIS = YES;
				CLANG_WARN_STRICT_PROTOTYPES = YES;
				CLANG_WARN_SUSPICIOUS_MOVE = YES;
				CLANG_WARN_UNGUARDED_AVAILABILITY = YES_AGGRESSIVE;
				CLANG_WARN_UNREACHABLE_CODE = YES;
				CLANG_WARN__DUPLICATE_METHOD_MATCH = YES;
				COPY_PHASE_STRIP = NO;
				DEBUG_INFORMATION_FORMAT = dwarf;
				ENABLE_STRICT_OBJC_MSGSEND = YES;
				ENABLE_TESTABILITY = YES;
				ENABLE_USER_SCRIPT_SANDBOXING = YES;
				GCC_C_LANGUAGE_STANDARD = gnu17;
				GCC_DYNAMIC_NO_PIC = NO;
				GCC_NO_COMMON_BLOCKS = YES;
				GCC_OPTIMIZATION_LEVEL = 0;
				GCC_PREPROCESSOR_DEFINITIONS = (
					"DEBUG=1",
					"$(inherited)",
				);
				GCC_WARN_64_TO_32_BIT_CONVERSION = YES;
				GCC_WARN_ABOUT_RETURN_TYPE = YES_ERROR;
				GCC_WARN_UNDECLARED_SELECTOR = YES;
				GCC_WARN_UNINITIALIZED_AUTOS = YES_AGGRESSIVE;
				GCC_WARN_UNUSED_FUNCTION = YES;
				GCC_WARN_UNUSED_VARIABLE = YES;
				IPHONEOS_DEPLOYMENT_TARGET = 18.1;
				LOCALIZATION_PREFERS_STRING_CATALOGS = YES;
				MTL_ENABLE_DEBUG_INFO = INCLUDE_SOURCE;
				MTL_FAST_MATH = YES;
				ONLY_ACTIVE_ARCH = YES;
				SDKROOT = iphoneos;
				SWIFT_ACTIVE_COMPILATION_CONDITIONS = "DEBUG $(inherited)";
				SWIFT_OPTIMIZATION_LEVEL = "-Onone";
			};
			name = Debug;
		};
		82DF6BCE2CE4DCAA00EE6DBA /* Release */ = {
			isa = XCBuildConfiguration;
			buildSettings = {
				ALWAYS_SEARCH_USER_PATHS = NO;
				ASSETCATALOG_COMPILER_GENERATE_SWIFT_ASSET_SYMBOL_EXTENSIONS = YES;
				CLANG_ANALYZER_NONNULL = YES;
				CLANG_ANALYZER_NUMBER_OBJECT_CONVERSION = YES_AGGRESSIVE;
				CLANG_CXX_LANGUAGE_STANDARD = "gnu++20";
				CLANG_ENABLE_MODULES = YES;
				CLANG_ENABLE_OBJC_ARC = YES;
				CLANG_ENABLE_OBJC_WEAK = YES;
				CLANG_WARN_BLOCK_CAPTURE_AUTORELEASING = YES;
				CLANG_WARN_BOOL_CONVERSION = YES;
				CLANG_WARN_COMMA = YES;
				CLANG_WARN_CONSTANT_CONVERSION = YES;
				CLANG_WARN_DEPRECATED_OBJC_IMPLEMENTATIONS = YES;
				CLANG_WARN_DIRECT_OBJC_ISA_USAGE = YES_ERROR;
				CLANG_WARN_DOCUMENTATION_COMMENTS = YES;
				CLANG_WARN_EMPTY_BODY = YES;
				CLANG_WARN_ENUM_CONVERSION = YES;
				CLANG_WARN_INFINITE_RECURSION = YES;
				CLANG_WARN_INT_CONVERSION = YES;
				CLANG_WARN_NON_LITERAL_NULL_CONVERSION = YES;
				CLANG_WARN_OBJC_IMPLICIT_RETAIN_SELF = YES;
				CLANG_WARN_OBJC_LITERAL_CONVERSION = YES;
				CLANG_WARN_OBJC_ROOT_CLASS = YES_ERROR;
				CLANG_WARN_QUOTED_INCLUDE_IN_FRAMEWORK_HEADER = YES;
				CLANG_WARN_RANGE_LOOP_ANALYSIS = YES;
				CLANG_WARN_STRICT_PROTOTYPES = YES;
				CLANG_WARN_SUSPICIOUS_MOVE = YES;
				CLANG_WARN_UNGUARDED_AVAILABILITY = YES_AGGRESSIVE;
				CLANG_WARN_UNREACHABLE_CODE = YES;
				CLANG_WARN__DUPLICATE_METHOD_MATCH = YES;
				COPY_PHASE_STRIP = NO;
				DEBUG_INFORMATION_FORMAT = "dwarf-with-dsym";
				ENABLE_NS_ASSERTIONS = NO;
				ENABLE_STRICT_OBJC_MSGSEND = YES;
				ENABLE_USER_SCRIPT_SANDBOXING = YES;
				GCC_C_LANGUAGE_STANDARD = gnu17;
				GCC_NO_COMMON_BLOCKS = YES;
				GCC_WARN_64_TO_32_BIT_CONVERSION = YES;
				GCC_WARN_ABOUT_RETURN_TYPE = YES_ERROR;
				GCC_WARN_UNDECLARED_SELECTOR = YES;
				GCC_WARN_UNINITIALIZED_AUTOS = YES_AGGRESSIVE;
				GCC_WARN_UNUSED_FUNCTION = YES;
				GCC_WARN_UNUSED_VARIABLE = YES;
				IPHONEOS_DEPLOYMENT_TARGET = 18.1;
				LOCALIZATION_PREFERS_STRING_CATALOGS = YES;
				MTL_ENABLE_DEBUG_INFO = NO;
				MTL_FAST_MATH = YES;
				SDKROOT = iphoneos;
				SWIFT_COMPILATION_MODE = wholemodule;
				VALIDATE_PRODUCT = YES;
			};
			name = Release;
		};
		82DF6BD02CE4DCAA00EE6DBA /* Debug */ = {
			isa = XCBuildConfiguration;
			baseConfigurationReference = 614750A5E482A93177EA1BAA /* Pods-EFootPrintTests.debug.xcconfig */;
			buildSettings = {
				BUNDLE_LOADER = "$(TEST_HOST)";
				CODE_SIGN_STYLE = Automatic;
				CURRENT_PROJECT_VERSION = 1;
				DEVELOPMENT_TEAM = XTP6PU5W6U;
				GENERATE_INFOPLIST_FILE = YES;
				IPHONEOS_DEPLOYMENT_TARGET = 18.1;
				MARKETING_VERSION = 1.0;
				PRODUCT_BUNDLE_IDENTIFIER = ie.mccole.www.EFootPrintTests;
				PRODUCT_NAME = "$(TARGET_NAME)";
				SWIFT_EMIT_LOC_STRINGS = NO;
				SWIFT_VERSION = 5.0;
				TARGETED_DEVICE_FAMILY = "1,2";
				TEST_HOST = "$(BUILT_PRODUCTS_DIR)/EFootPrint.app/$(BUNDLE_EXECUTABLE_FOLDER_PATH)/EFootPrint";
			};
			name = Debug;
		};
		82DF6BD12CE4DCAA00EE6DBA /* Release */ = {
			isa = XCBuildConfiguration;
			baseConfigurationReference = 87EE6D8F960C3543049EE800 /* Pods-EFootPrintTests.release.xcconfig */;
			buildSettings = {
				BUNDLE_LOADER = "$(TEST_HOST)";
				CODE_SIGN_STYLE = Automatic;
				CURRENT_PROJECT_VERSION = 1;
				DEVELOPMENT_TEAM = XTP6PU5W6U;
				GENERATE_INFOPLIST_FILE = YES;
				IPHONEOS_DEPLOYMENT_TARGET = 18.1;
				MARKETING_VERSION = 1.0;
				PRODUCT_BUNDLE_IDENTIFIER = ie.mccole.www.EFootPrintTests;
				PRODUCT_NAME = "$(TARGET_NAME)";
				SWIFT_EMIT_LOC_STRINGS = NO;
				SWIFT_VERSION = 5.0;
				TARGETED_DEVICE_FAMILY = "1,2";
				TEST_HOST = "$(BUILT_PRODUCTS_DIR)/EFootPrint.app/$(BUNDLE_EXECUTABLE_FOLDER_PATH)/EFootPrint";
			};
			name = Release;
		};
		82DF6BD32CE4DCAA00EE6DBA /* Debug */ = {
			isa = XCBuildConfiguration;
			baseConfigurationReference = 1498268074CB59EEC7E49E9F /* Pods-EFootPrint-EFootPrintUITests.debug.xcconfig */;
			buildSettings = {
				CODE_SIGN_STYLE = Automatic;
				CURRENT_PROJECT_VERSION = 1;
				DEVELOPMENT_TEAM = XTP6PU5W6U;
				GENERATE_INFOPLIST_FILE = YES;
				MARKETING_VERSION = 1.0;
				PRODUCT_BUNDLE_IDENTIFIER = ie.mccole.www.EFootPrintUITests;
				PRODUCT_NAME = "$(TARGET_NAME)";
				SWIFT_EMIT_LOC_STRINGS = NO;
				SWIFT_VERSION = 5.0;
				TARGETED_DEVICE_FAMILY = "1,2";
				TEST_TARGET_NAME = EFootPrint;
			};
			name = Debug;
		};
		82DF6BD42CE4DCAA00EE6DBA /* Release */ = {
			isa = XCBuildConfiguration;
			baseConfigurationReference = 25F2E369ED07E66F497056E8 /* Pods-EFootPrint-EFootPrintUITests.release.xcconfig */;
			buildSettings = {
				CODE_SIGN_STYLE = Automatic;
				CURRENT_PROJECT_VERSION = 1;
				DEVELOPMENT_TEAM = XTP6PU5W6U;
				GENERATE_INFOPLIST_FILE = YES;
				MARKETING_VERSION = 1.0;
				PRODUCT_BUNDLE_IDENTIFIER = ie.mccole.www.EFootPrintUITests;
				PRODUCT_NAME = "$(TARGET_NAME)";
				SWIFT_EMIT_LOC_STRINGS = NO;
				SWIFT_VERSION = 5.0;
				TARGETED_DEVICE_FAMILY = "1,2";
				TEST_TARGET_NAME = EFootPrint;
			};
			name = Release;
		};
/* End XCBuildConfiguration section */

/* Begin XCConfigurationList section */
		82DF6B9C2CE4DCA900EE6DBA /* Build configuration list for PBXProject "EFootPrint" */ = {
			isa = XCConfigurationList;
			buildConfigurations = (
				82DF6BCD2CE4DCAA00EE6DBA /* Debug */,
				82DF6BCE2CE4DCAA00EE6DBA /* Release */,
			);
			defaultConfigurationIsVisible = 0;
			defaultConfigurationName = Release;
		};
		82DF6BCA2CE4DCAA00EE6DBA /* Build configuration list for PBXNativeTarget "EFootPrint" */ = {
			isa = XCConfigurationList;
			buildConfigurations = (
				82DF6BCB2CE4DCAA00EE6DBA /* Debug */,
				82DF6BCC2CE4DCAA00EE6DBA /* Release */,
			);
			defaultConfigurationIsVisible = 0;
			defaultConfigurationName = Release;
		};
		82DF6BCF2CE4DCAA00EE6DBA /* Build configuration list for PBXNativeTarget "EFootPrintTests" */ = {
			isa = XCConfigurationList;
			buildConfigurations = (
				82DF6BD02CE4DCAA00EE6DBA /* Debug */,
				82DF6BD12CE4DCAA00EE6DBA /* Release */,
			);
			defaultConfigurationIsVisible = 0;
			defaultConfigurationName = Release;
		};
		82DF6BD22CE4DCAA00EE6DBA /* Build configuration list for PBXNativeTarget "EFootPrintUITests" */ = {
			isa = XCConfigurationList;
			buildConfigurations = (
				82DF6BD32CE4DCAA00EE6DBA /* Debug */,
				82DF6BD42CE4DCAA00EE6DBA /* Release */,
			);
			defaultConfigurationIsVisible = 0;
			defaultConfigurationName = Release;
		};
/* End XCConfigurationList section */
	};
	rootObject = 82DF6B992CE4DCA900EE6DBA /* Project object */;
}
